
Microsoft Visual Studio Solution File, Format Version 12.00
# Visual Studio Version 17
VisualStudioVersion = 17.6.33723.286
MinimumVisualStudioVersion = 10.0.40219.1
Project("{FAE04EC0-301F-11D3-BF4B-00C04F79EFBC}") = "ClientServer", "ClientServer\ClientServer.csproj", "{6659F9D6-5740-4C45-AFE5-2597EF6E297E}"
EndProject
Project("{FAE04EC0-301F-11D3-BF4B-00C04F79EFBC}") = "Server", "Server\Server.csproj", "{72033931-19DE-44A7-BA90-CCD503337E9A}"
EndProject
Global
	GlobalSection(SolutionConfigurationPlatforms) = preSolution
		Debug|Any CPU = Debug|Any CPU
		Release|Any CPU = Release|Any CPU
	EndGlobalSection
	GlobalSection(ProjectConfigurationPlatforms) = postSolution
		{6659F9D6-5740-4C45-AFE5-2597EF6E297E}.Debug|Any CPU.ActiveCfg = Debug|Any CPU
		{6659F9D6-5740-4C45-AFE5-2597EF6E297E}.Debug|Any CPU.Build.0 = Debug|Any CPU
		{6659F9D6-5740-4C45-AFE5-2597EF6E297E}.Release|Any CPU.ActiveCfg = Release|Any CPU
		{6659F9D6-5740-4C45-AFE5-2597EF6E297E}.Release|Any CPU.Build.0 = Release|Any CPU
		{72033931-19DE-44A7-BA90-CCD503337E9A}.Debug|Any CPU.ActiveCfg = Debug|Any CPU
		{72033931-19DE-44A7-BA90-CCD503337E9A}.Debug|Any CPU.Build.0 = Debug|Any CPU
		{72033931-19DE-44A7-BA90-CCD503337E9A}.Release|Any CPU.ActiveCfg = Release|Any CPU
		{72033931-19DE-44A7-BA90-CCD503337E9A}.Release|Any CPU.Build.0 = Release|Any CPU
	EndGlobalSection
	GlobalSection(SolutionProperties) = preSolution
		HideSolutionNode = FALSE
	EndGlobalSection
	GlobalSection(ExtensibilityGlobals) = postSolution
		SolutionGuid = {7A0E755A-56FC-4EBA-AC0B-99D310DB4E22}
	EndGlobalSection
EndGlobal
